{
  "requires": true,
  "lockfileVersion": 1,
  "dependencies": {
    "zhu-palindrome": {
      "version": "0.1.1",
      "resolved": "https://registry.npmjs.org/zhu-palindrome/-/zhu-palindrome-0.1.1.tgz",
      "integrity": "sha512-hI1yACmxC0S99sLlOW53WDCqUHmnitFwTNcFU9c04YyhTaOR9Mo+6C6bIRToMnezWHuQAlbTfjL1c4ywvCZmtw=="
    }
  }
}
